
Microsoft Visual Studio Solution File, Format Version 12.00
# Visual Studio Version 17
VisualStudioVersion = 17.3.32922.545
MinimumVisualStudioVersion = 10.0.40219.1
Project("{9A19103F-16F7-4668-BE54-9A1E7A4F7556}") = "ForceChinese", "ForceChinese/ForceChinese.csproj", "{339CEF56-D9BE-45A6-9EE0-BE516C42AE8E}"
EndProject
Global
	GlobalSection(SolutionConfigurationPlatforms) = preSolution
		Debug|Any CPU = Debug|Any CPU
		Release|Any CPU = Release|Any CPU
	EndGlobalSection
	GlobalSection(ProjectConfigurationPlatforms) = postSolution
		{339CEF56-D9BE-45A6-9EE0-BE516C42AE8E}.Debug|Any CPU.ActiveCfg = Debug|Any CPU
		{339CEF56-D9BE-45A6-9EE0-BE516C42AE8E}.Debug|Any CPU.Build.0 = Debug|Any CPU
		{339CEF56-D9BE-45A6-9EE0-BE516C42AE8E}.Release|Any CPU.ActiveCfg = Release|Any CPU
		{339CEF56-D9BE-45A6-9EE0-BE516C42AE8E}.Release|Any CPU.Build.0 = Release|Any CPU
	EndGlobalSection
	GlobalSection(SolutionProperties) = preSolution
		HideSolutionNode = FALSE
	EndGlobalSection
	GlobalSection(ExtensibilityGlobals) = postSolution
		SolutionGuid = {FFAB03F1-2573-439A-9BD4-79BAA60E355E}
	EndGlobalSection
EndGlobal
